// !$*UTF8*$!
{
	archiveVersion = 1;
	classes = {
	};
	objectVersion = 77;
	objects = {

/* Begin PBXContainerItemProxy section */
		BF424F8E2DB5BE480065C0A5 /* PBXContainerItemProxy */ = {
			isa = PBXContainerItemProxy;
			containerPortal = BF424F752DB5BE470065C0A5 /* Project object */;
			proxyType = 1;
			remoteGlobalIDString = BF424F7C2DB5BE470065C0A5;
			remoteInfo = homePageTest;
		};
		BF424F982DB5BE480065C0A5 /* PBXContainerItemProxy */ = {
			isa = PBXContainerItemProxy;
			containerPortal = BF424F752DB5BE470065C0A5 /* Project object */;
			proxyType = 1;
			remoteGlobalIDString = BF424F7C2DB5BE470065C0A5;
			remoteInfo = homePageTest;
		};
/* End PBXContainerItemProxy section */

/* Begin PBXFileReference section */
		BF424F7D2DB5BE470065C0A5 /* homePageTest.app */ = {isa = PBXFileReference; explicitFileType = wrapper.application; includeInIndex = 0; path = homePageTest.app; sourceTree = BUILT_PRODUCTS_DIR; };
		BF424F8D2DB5BE480065C0A5 /* homePageTestTests.xctest */ = {isa = PBXFileReference; explicitFileType = wrapper.cfbundle; includeInIndex = 0; path = homePageTestTests.xctest; sourceTree = BUILT_PRODUCTS_DIR; };
		BF424F972DB5BE480065C0A5 /* homePageTestUITests.xctest */ = {isa = PBXFileReference; explicitFileType = wrapper.cfbundle; includeInIndex = 0; path = homePageTestUITests.xctest; sourceTree = BUILT_PRODUCTS_DIR; };
/* End PBXFileReference section */

/* Begin PBXFileSystemSynchronizedRootGroup section */
		BF424F7F2DB5BE470065C0A5 /* homePageTest */ = {
			isa = PBXFileSystemSynchronizedRootGroup;
			path = homePageTest;
			sourceTree = "<group>";
		};
		BF424F902DB5BE480065C0A5 /* homePageTestTests */ = {
			isa = PBXFileSystemSynchronizedRootGroup;
			path = homePageTestTests;
			sourceTree = "<group>";
		};
		BF424F9A2DB5BE480065C0A5 /* homePageTestUITests */ = {
			isa = PBXFileSystemSynchronizedRootGroup;
			path = homePageTestUITests;
			sourceTree = "<group>";
		};
/* End PBXFileSystemSynchronizedRootGroup section */

/* Begin PBXFrameworksBuildPhase section */
		BF424F7A2DB5BE470065C0A5 /* Frameworks */ = {
			isa = PBXFrameworksBuildPhase;
			buildActionMask = 2147483647;
			files = (
			);
			runOnlyForDeploymentPostprocessing = 0;
		};
		BF424F8A2DB5BE480065C0A5 /* Frameworks */ = {
			isa = PBXFrameworksBuildPhase;
			buildActionMask = 2147483647;
			files = (
			);
			runOnlyForDeploymentPostprocessing = 0;
		};
		BF424F942DB5BE480065C0A5 /* Frameworks */ = {
			isa = PBXFrameworksBuildPhase;
			buildActionMask = 2147483647;
			files = (
			);
			runOnlyForDeploymentPostprocessing = 0;
		};
/* End PBXFrameworksBuildPhase section */

/* Begin PBXGroup section */
		BF424F742DB5BE470065C0A5 = {
			isa = PBXGroup;
			children = (
				BF424F7F2DB5BE470065C0A5 /* homePageTest */,
				BF424F902DB5BE480065C0A5 /* homePageTestTests */,
				BF424F9A2DB5BE480065C0A5 /* homePageTestUITests */,
				BF424F7E2DB5BE470065C0A5 /* Products */,
			);
			sourceTree = "<group>";
		};
		BF424F7E2DB5BE470065C0A5 /* Products */ = {
			isa = PBXGroup;
			children = (
				BF424F7D2DB5BE470065C0A5 /* homePageTest.app */,
				BF424F8D2DB5BE480065C0A5 /* homePageTestTests.xctest */,
				BF424F972DB5BE480065C0A5 /* homePageTestUITests.xctest */,
			);
			name = Products;
			sourceTree = "<group>";
		};
/* End PBXGroup section */

/* Begin PBXNativeTarget section */
		BF424F7C2DB5BE470065C0A5 /* homePageTest */ = {
			isa = PBXNativeTarget;
			buildConfigurationList = BF424FA12DB5BE480065C0A5 /* Build configuration list for PBXNativeTarget "homePageTest" */;
			buildPhases = (
				BF424F792DB5BE470065C0A5 /* Sources */,
				BF424F7A2DB5BE470065C0A5 /* Frameworks */,
				BF424F7B2DB5BE470065C0A5 /* Resources */,
			);
			buildRules = (
			);
			dependencies = (
			);
			fileSystemSynchronizedGroups = (
				BF424F7F2DB5BE470065C0A5 /* homePageTest */,
			);
			name = homePageTest;
			packageProductDependencies = (
			);
			productName = homePageTest;
			productReference = BF424F7D2DB5BE470065C0A5 /* homePageTest.app */;
			productType = "com.apple.product-type.application";
		};
		BF424F8C2DB5BE480065C0A5 /* homePageTestTests */ = {
			isa = PBXNativeTarget;
			buildConfigurationList = BF424FA42DB5BE480065C0A5 /* Build configuration list for PBXNativeTarget "homePageTestTests" */;
			buildPhases = (
				BF424F892DB5BE480065C0A5 /* Sources */,
				BF424F8A2DB5BE480065C0A5 /* Frameworks */,
				BF424F8B2DB5BE480065C0A5 /* Resources */,
			);
			buildRules = (
			);
			dependencies = (
				BF424F8F2DB5BE480065C0A5 /* PBXTargetDependency */,
			);
			fileSystemSynchronizedGroups = (
				BF424F902DB5BE480065C0A5 /* homePageTestTests */,
			);
			name = homePageTestTests;
			packageProductDependencies = (
			);
			productName = homePageTestTests;
			productReference = BF424F8D2DB5BE480065C0A5 /* homePageTestTests.xctest */;
			productType = "com.apple.product-type.bundle.unit-test";
		};
		BF424F962DB5BE480065C0A5 /* homePageTestUITests */ = {
			isa = PBXNativeTarget;
			buildConfigurationList = BF424FA72DB5BE480065C0A5 /* Build configuration list for PBXNativeTarget "homePageTestUITests" */;
			buildPhases = (
				BF424F932DB5BE480065C0A5 /* Sources */,
				BF424F942DB5BE480065C0A5 /* Frameworks */,
				BF424F952DB5BE480065C0A5 /* Resources */,
			);
			buildRules = (
			);
			dependencies = (
				BF424F992DB5BE480065C0A5 /* PBXTargetDependency */,
			);
			fileSystemSynchronizedGroups = (
				BF424F9A2DB5BE480065C0A5 /* homePageTestUITests */,
			);
			name = homePageTestUITests;
			packageProductDependencies = (
			);
			productName = homePageTestUITests;
			productReference = BF424F972DB5BE480065C0A5 /* homePageTestUITests.xctest */;
			productType = "com.apple.product-type.bundle.ui-testing";
		};
/* End PBXNativeTarget section */

/* Begin PBXProject section */
		BF424F752DB5BE470065C0A5 /* Project object */ = {
			isa = PBXProject;
			attributes = {
				BuildIndependentTargetsInParallel = 1;
				LastSwiftUpdateCheck = 1600;
				LastUpgradeCheck = 1600;
				TargetAttributes = {
					BF424F7C2DB5BE470065C0A5 = {
						CreatedOnToolsVersion = 16.0;
					};
					BF424F8C2DB5BE480065C0A5 = {
						CreatedOnToolsVersion = 16.0;
						TestTargetID = BF424F7C2DB5BE470065C0A5;
					};
					BF424F962DB5BE480065C0A5 = {
						CreatedOnToolsVersion = 16.0;
						TestTargetID = BF424F7C2DB5BE470065C0A5;
					};
				};
			};
			buildConfigurationList = BF424F782DB5BE470065C0A5 /* Build configuration list for PBXProject "homePageTest" */;
			developmentRegion = en;
			hasScannedForEncodings = 0;
			knownRegions = (
				en,
				Base,
			);
			mainGroup = BF424F742DB5BE470065C0A5;
			minimizedProjectReferenceProxies = 1;
			packageReferences = (
				BF4DCE592DBDC43C00F65E44 /* XCRemoteSwiftPackageReference "generative-ai-swift" */,
			);
			preferredProjectObjectVersion = 77;
			productRefGroup = BF424F7E2DB5BE470065C0A5 /* Products */;
			projectDirPath = "";
			projectRoot = "";
			targets = (
				BF424F7C2DB5BE470065C0A5 /* homePageTest */,
				BF424F8C2DB5BE480065C0A5 /* homePageTestTests */,
				BF424F962DB5BE480065C0A5 /* homePageTestUITests */,
			);
		};
/* End PBXProject section */

/* Begin PBXResourcesBuildPhase section */
		BF424F7B2DB5BE470065C0A5 /* Resources */ = {
			isa = PBXResourcesBuildPhase;
			buildActionMask = 2147483647;
			files = (
			);
			runOnlyForDeploymentPostprocessing = 0;
		};
		BF424F8B2DB5BE480065C0A5 /* Resources */ = {
			isa = PBXResourcesBuildPhase;
			buildActionMask = 2147483647;
			files = (
			);
			runOnlyForDeploymentPostprocessing = 0;
		};
		BF424F952DB5BE480065C0A5 /* Resources */ = {
			isa = PBXResourcesBuildPhase;
			buildActionMask = 2147483647;
			files = (
			);
			runOnlyForDeploymentPostprocessing = 0;
		};
/* End PBXResourcesBuildPhase section */

/* Begin PBXSourcesBuildPhase section */
		BF424F792DB5BE470065C0A5 /* Sources */ = {
			isa = PBXSourcesBuildPhase;
			buildActionMask = 2147483647;
			files = (
			);
			runOnlyForDeploymentPostprocessing = 0;
		};
		BF424F892DB5BE480065C0A5 /* Sources */ = {
			isa = PBXSourcesBuildPhase;
			buildActionMask = 2147483647;
			files = (
			);
			runOnlyForDeploymentPostprocessing = 0;
		};
		BF424F932DB5BE480065C0A5 /* Sources */ = {
			isa = PBXSourcesBuildPhase;
			buildActionMask = 2147483647;
			files = (
			);
			runOnlyForDeploymentPostprocessing = 0;
		};
/* End PBXSourcesBuildPhase section */

/* Begin PBXTargetDependency section */
		BF424F8F2DB5BE480065C0A5 /* PBXTargetDependency */ = {
			isa = PBXTargetDependency;
			target = BF424F7C2DB5BE470065C0A5 /* homePageTest */;
			targetProxy = BF424F8E2DB5BE480065C0A5 /* PBXContainerItemProxy */;
		};
		BF424F992DB5BE480065C0A5 /* PBXTargetDependency */ = {
			isa = PBXTargetDependency;
			target = BF424F7C2DB5BE470065C0A5 /* homePageTest */;
			targetProxy = BF424F982DB5BE480065C0A5 /* PBXContainerItemProxy */;
		};
/* End PBXTargetDependency section */

/* Begin XCBuildConfiguration section */
		BF424F9F2DB5BE480065C0A5 /* Debug */ = {
			isa = XCBuildConfiguration;
			buildSettings = {
				ALWAYS_SEARCH_USER_PATHS = NO;
				ASSETCATALOG_COMPILER_GENERATE_SWIFT_ASSET_SYMBOL_EXTENSIONS = YES;
				CLANG_ANALYZER_NONNULL = YES;
				CLANG_ANALYZER_NUMBER_OBJECT_CONVERSION = YES_AGGRESSIVE;
				CLANG_CXX_LANGUAGE_STANDARD = "gnu++20";
				CLANG_ENABLE_MODULES = YES;
				CLANG_ENABLE_OBJC_ARC = YES;
				CLANG_ENABLE_OBJC_WEAK = YES;
				CLANG_WARN_BLOCK_CAPTURE_AUTORELEASING = YES;
				CLANG_WARN_BOOL_CONVERSION = YES;
				CLANG_WARN_COMMA = YES;
				CLANG_WARN_CONSTANT_CONVERSION = YES;
				CLANG_WARN_DEPRECATED_OBJC_IMPLEMENTATIONS = YES;
				CLANG_WARN_DIRECT_OBJC_ISA_USAGE = YES_ERROR;
				CLANG_WARN_DOCUMENTATION_COMMENTS = YES;
				CLANG_WARN_EMPTY_BODY = YES;
				CLANG_WARN_ENUM_CONVERSION = YES;
				CLANG_WARN_INFINITE_RECURSION = YES;
				CLANG_WARN_INT_CONVERSION = YES;
				CLANG_WARN_NON_LITERAL_NULL_CONVERSION = YES;
				CLANG_WARN_OBJC_IMPLICIT_RETAIN_SELF = YES;
				CLANG_WARN_OBJC_LITERAL_CONVERSION = YES;
				CLANG_WARN_OBJC_ROOT_CLASS = YES_ERROR;
				CLANG_WARN_QUOTED_INCLUDE_IN_FRAMEWORK_HEADER = YES;
				CLANG_WARN_RANGE_LOOP_ANALYSIS = YES;
				CLANG_WARN_STRICT_PROTOTYPES = YES;
				CLANG_WARN_SUSPICIOUS_MOVE = YES;
				CLANG_WARN_UNGUARDED_AVAILABILITY = YES_AGGRESSIVE;
				CLANG_WARN_UNREACHABLE_CODE = YES;
				CLANG_WARN__DUPLICATE_METHOD_MATCH = YES;
				COPY_PHASE_STRIP = NO;
				DEBUG_INFORMATION_FORMAT = dwarf;
				ENABLE_STRICT_OBJC_MSGSEND = YES;
				ENABLE_TESTABILITY = YES;
				ENABLE_USER_SCRIPT_SANDBOXING = YES;
				GCC_C_LANGUAGE_STANDARD = gnu17;
				GCC_DYNAMIC_NO_PIC = NO;
				GCC_NO_COMMON_BLOCKS = YES;
				GCC_OPTIMIZATION_LEVEL = 0;
				GCC_PREPROCESSOR_DEFINITIONS = (
					"DEBUG=1",
					"$(inherited)",
				);
				GCC_WARN_64_TO_32_BIT_CONVERSION = YES;
				GCC_WARN_ABOUT_RETURN_TYPE = YES_ERROR;
				GCC_WARN_UNDECLARED_SELECTOR = YES;
				GCC_WARN_UNINITIALIZED_AUTOS = YES_AGGRESSIVE;
				GCC_WARN_UNUSED_FUNCTION = YES;
				GCC_WARN_UNUSED_VARIABLE = YES;
				IPHONEOS_DEPLOYMENT_TARGET = 18.0;
				LOCALIZATION_PREFERS_STRING_CATALOGS = YES;
				MTL_ENABLE_DEBUG_INFO = INCLUDE_SOURCE;
				MTL_FAST_MATH = YES;
				ONLY_ACTIVE_ARCH = YES;
				SDKROOT = iphoneos;
				SWIFT_ACTIVE_COMPILATION_CONDITIONS = "DEBUG $(inherited)";
				SWIFT_OPTIMIZATION_LEVEL = "-Onone";
			};
			name = Debug;
		};
		BF424FA02DB5BE480065C0A5 /* Release */ = {
			isa = XCBuildConfiguration;
			buildSettings = {
				ALWAYS_SEARCH_USER_PATHS = NO;
				ASSETCATALOG_COMPILER_GENERATE_SWIFT_ASSET_SYMBOL_EXTENSIONS = YES;
				CLANG_ANALYZER_NONNULL = YES;
				CLANG_ANALYZER_NUMBER_OBJECT_CONVERSION = YES_AGGRESSIVE;
				CLANG_CXX_LANGUAGE_STANDARD = "gnu++20";
				CLANG_ENABLE_MODULES = YES;
				CLANG_ENABLE_OBJC_ARC = YES;
				CLANG_ENABLE_OBJC_WEAK = YES;
				CLANG_WARN_BLOCK_CAPTURE_AUTORELEASING = YES;
				CLANG_WARN_BOOL_CONVERSION = YES;
				CLANG_WARN_COMMA = YES;
				CLANG_WARN_CONSTANT_CONVERSION = YES;
				CLANG_WARN_DEPRECATED_OBJC_IMPLEMENTATIONS = YES;
				CLANG_WARN_DIRECT_OBJC_ISA_USAGE = YES_ERROR;
				CLANG_WARN_DOCUMENTATION_COMMENTS = YES;
				CLANG_WARN_EMPTY_BODY = YES;
				CLANG_WARN_ENUM_CONVERSION = YES;
				CLANG_WARN_INFINITE_RECURSION = YES;
				CLANG_WARN_INT_CONVERSION = YES;
				CLANG_WARN_NON_LITERAL_NULL_CONVERSION = YES;
				CLANG_WARN_OBJC_IMPLICIT_RETAIN_SELF = YES;
				CLANG_WARN_OBJC_LITERAL_CONVERSION = YES;
				CLANG_WARN_OBJC_ROOT_CLASS = YES_ERROR;
				CLANG_WARN_QUOTED_INCLUDE_IN_FRAMEWORK_HEADER = YES;
				CLANG_WARN_RANGE_LOOP_ANALYSIS = YES;
				CLANG_WARN_STRICT_PROTOTYPES = YES;
				CLANG_WARN_SUSPICIOUS_MOVE = YES;
				CLANG_WARN_UNGUARDED_AVAILABILITY = YES_AGGRESSIVE;
				CLANG_WARN_UNREACHABLE_CODE = YES;
				CLANG_WARN__DUPLICATE_METHOD_MATCH = YES;
				COPY_PHASE_STRIP = NO;
				DEBUG_INFORMATION_FORMAT = "dwarf-with-dsym";
				ENABLE_NS_ASSERTIONS = NO;
				ENABLE_STRICT_OBJC_MSGSEND = YES;
				ENABLE_USER_SCRIPT_SANDBOXING = YES;
				GCC_C_LANGUAGE_STANDARD = gnu17;
				GCC_NO_COMMON_BLOCKS = YES;
				GCC_WARN_64_TO_32_BIT_CONVERSION = YES;
				GCC_WARN_ABOUT_RETURN_TYPE = YES_ERROR;
				GCC_WARN_UNDECLARED_SELECTOR = YES;
				GCC_WARN_UNINITIALIZED_AUTOS = YES_AGGRESSIVE;
				GCC_WARN_UNUSED_FUNCTION = YES;
				GCC_WARN_UNUSED_VARIABLE = YES;
				IPHONEOS_DEPLOYMENT_TARGET = 18.0;
				LOCALIZATION_PREFERS_STRING_CATALOGS = YES;
				MTL_ENABLE_DEBUG_INFO = NO;
				MTL_FAST_MATH = YES;
				SDKROOT = iphoneos;
				SWIFT_COMPILATION_MODE = wholemodule;
				VALIDATE_PRODUCT = YES;
			};
			name = Release;
		};
		BF424FA22DB5BE480065C0A5 /* Debug */ = {
			isa = XCBuildConfiguration;
			buildSettings = {
				ASSETCATALOG_COMPILER_APPICON_NAME = AppIcon;
				ASSETCATALOG_COMPILER_GLOBAL_ACCENT_COLOR_NAME = AccentColor;
				CODE_SIGN_STYLE = Automatic;
				CURRENT_PROJECT_VERSION = 1;
				DEVELOPMENT_ASSET_PATHS = "\"homePageTest/Preview Content\"";
				DEVELOPMENT_TEAM = 9MG964W7TJ;
				ENABLE_PREVIEWS = YES;
				GENERATE_INFOPLIST_FILE = YES;
				INFOPLIST_KEY_NSCameraUsageDescription = "We need ur camera bc we are evil ahahahha";
				INFOPLIST_KEY_NSLocationAlwaysAndWhenInUseUsageDescription = "We need the loc bc we are evil and sell data hahahahahah";
				INFOPLIST_KEY_NSLocationAlwaysUsageDescription = "We need your location to track driving";
				INFOPLIST_KEY_NSLocationWhenInUseUsageDescription = "We need location to track miles";
				INFOPLIST_KEY_NSMotionUsageDescription = "We need the state of your GPS for vhc tracking";
				INFOPLIST_KEY_UIApplicationSceneManifest_Generation = YES;
				INFOPLIST_KEY_UIApplicationSupportsIndirectInputEvents = YES;
				INFOPLIST_KEY_UILaunchScreen_Generation = YES;
				INFOPLIST_KEY_UISupportedInterfaceOrientations_iPad = "UIInterfaceOrientationPortrait UIInterfaceOrientationPortraitUpsideDown UIInterfaceOrientationLandscapeLeft UIInterfaceOrientationLandscapeRight";
				INFOPLIST_KEY_UISupportedInterfaceOrientations_iPhone = "UIInterfaceOrientationPortrait UIInterfaceOrientationLandscapeLeft UIInterfaceOrientationLandscapeRight";
				LD_RUNPATH_SEARCH_PATHS = (
					"$(inherited)",
					"@executable_path/Frameworks",
				);
				MARKETING_VERSION = 1.0;
				PRODUCT_BUNDLE_IDENTIFIER = the.homePageTest;
				PRODUCT_NAME = "$(TARGET_NAME)";
				SWIFT_EMIT_LOC_STRINGS = YES;
				SWIFT_VERSION = 5.0;
				TARGETED_DEVICE_FAMILY = "1,2";
			};
			name = Debug;
		};
		BF424FA32DB5BE480065C0A5 /* Release */ = {
			isa = XCBuildConfiguration;
			buildSettings = {
				ASSETCATALOG_COMPILER_APPICON_NAME = AppIcon;
				ASSETCATALOG_COMPILER_GLOBAL_ACCENT_COLOR_NAME = AccentColor;
				CODE_SIGN_STYLE = Automatic;
				CURRENT_PROJECT_VERSION = 1;
				DEVELOPMENT_ASSET_PATHS = "\"homePageTest/Preview Content\"";
				DEVELOPMENT_TEAM = 9MG964W7TJ;
				ENABLE_PREVIEWS = YES;
				GENERATE_INFOPLIST_FILE = YES;
				INFOPLIST_KEY_NSCameraUsageDescription = "We need ur camera bc we are evil ahahahha";
				INFOPLIST_KEY_NSLocationAlwaysAndWhenInUseUsageDescription = "We need the loc bc we are evil and sell data hahahahahah";
				INFOPLIST_KEY_NSLocationAlwaysUsageDescription = "We need your location to track driving";
				INFOPLIST_KEY_NSLocationWhenInUseUsageDescription = "We need location to track miles";
				INFOPLIST_KEY_NSMotionUsageDescription = "We need the state of your GPS for vhc tracking";
				INFOPLIST_KEY_UIApplicationSceneManifest_Generation = YES;
				INFOPLIST_KEY_UIApplicationSupportsIndirectInputEvents = YES;
				INFOPLIST_KEY_UILaunchScreen_Generation = YES;
				INFOPLIST_KEY_UISupportedInterfaceOrientations_iPad = "UIInterfaceOrientationPortrait UIInterfaceOrientationPortraitUpsideDown UIInterfaceOrientationLandscapeLeft UIInterfaceOrientationLandscapeRight";
				INFOPLIST_KEY_UISupportedInterfaceOrientations_iPhone = "UIInterfaceOrientationPortrait UIInterfaceOrientationLandscapeLeft UIInterfaceOrientationLandscapeRight";
				LD_RUNPATH_SEARCH_PATHS = (
					"$(inherited)",
					"@executable_path/Frameworks",
				);
				MARKETING_VERSION = 1.0;
				PRODUCT_BUNDLE_IDENTIFIER = the.homePageTest;
				PRODUCT_NAME = "$(TARGET_NAME)";
				SWIFT_EMIT_LOC_STRINGS = YES;
				SWIFT_VERSION = 5.0;
				TARGETED_DEVICE_FAMILY = "1,2";
			};
			name = Release;
		};
		BF424FA52DB5BE480065C0A5 /* Debug */ = {
			isa = XCBuildConfiguration;
			buildSettings = {
				BUNDLE_LOADER = "$(TEST_HOST)";
				CODE_SIGN_STYLE = Automatic;
				CURRENT_PROJECT_VERSION = 1;
				GENERATE_INFOPLIST_FILE = YES;
				IPHONEOS_DEPLOYMENT_TARGET = 18.0;
				MARKETING_VERSION = 1.0;
				PRODUCT_BUNDLE_IDENTIFIER = the.homePageTestTests;
				PRODUCT_NAME = "$(TARGET_NAME)";
				SWIFT_EMIT_LOC_STRINGS = NO;
				SWIFT_VERSION = 5.0;
				TARGETED_DEVICE_FAMILY = "1,2";
				TEST_HOST = "$(BUILT_PRODUCTS_DIR)/homePageTest.app/$(BUNDLE_EXECUTABLE_FOLDER_PATH)/homePageTest";
			};
			name = Debug;
		};
		BF424FA62DB5BE480065C0A5 /* Release */ = {
			isa = XCBuildConfiguration;
			buildSettings = {
				BUNDLE_LOADER = "$(TEST_HOST)";
				CODE_SIGN_STYLE = Automatic;
				CURRENT_PROJECT_VERSION = 1;
				GENERATE_INFOPLIST_FILE = YES;
				IPHONEOS_DEPLOYMENT_TARGET = 18.0;
				MARKETING_VERSION = 1.0;
				PRODUCT_BUNDLE_IDENTIFIER = the.homePageTestTests;
				PRODUCT_NAME = "$(TARGET_NAME)";
				SWIFT_EMIT_LOC_STRINGS = NO;
				SWIFT_VERSION = 5.0;
				TARGETED_DEVICE_FAMILY = "1,2";
				TEST_HOST = "$(BUILT_PRODUCTS_DIR)/homePageTest.app/$(BUNDLE_EXECUTABLE_FOLDER_PATH)/homePageTest";
			};
			name = Release;
		};
		BF424FA82DB5BE480065C0A5 /* Debug */ = {
			isa = XCBuildConfiguration;
			buildSettings = {
				CODE_SIGN_STYLE = Automatic;
				CURRENT_PROJECT_VERSION = 1;
				GENERATE_INFOPLIST_FILE = YES;
				MARKETING_VERSION = 1.0;
				PRODUCT_BUNDLE_IDENTIFIER = the.homePageTestUITests;
				PRODUCT_NAME = "$(TARGET_NAME)";
				SWIFT_EMIT_LOC_STRINGS = NO;
				SWIFT_VERSION = 5.0;
				TARGETED_DEVICE_FAMILY = "1,2";
				TEST_TARGET_NAME = homePageTest;
			};
			name = Debug;
		};
		BF424FA92DB5BE480065C0A5 /* Release */ = {
			isa = XCBuildConfiguration;
			buildSettings = {
				CODE_SIGN_STYLE = Automatic;
				CURRENT_PROJECT_VERSION = 1;
				GENERATE_INFOPLIST_FILE = YES;
				MARKETING_VERSION = 1.0;
				PRODUCT_BUNDLE_IDENTIFIER = the.homePageTestUITests;
				PRODUCT_NAME = "$(TARGET_NAME)";
				SWIFT_EMIT_LOC_STRINGS = NO;
				SWIFT_VERSION = 5.0;
				TARGETED_DEVICE_FAMILY = "1,2";
				TEST_TARGET_NAME = homePageTest;
			};
			name = Release;
		};
/* End XCBuildConfiguration section */

/* Begin XCConfigurationList section */
		BF424F782DB5BE470065C0A5 /* Build configuration list for PBXProject "homePageTest" */ = {
			isa = XCConfigurationList;
			buildConfigurations = (
				BF424F9F2DB5BE480065C0A5 /* Debug */,
				BF424FA02DB5BE480065C0A5 /* Release */,
			);
			defaultConfigurationIsVisible = 0;
			defaultConfigurationName = Release;
		};
		BF424FA12DB5BE480065C0A5 /* Build configuration list for PBXNativeTarget "homePageTest" */ = {
			isa = XCConfigurationList;
			buildConfigurations = (
				BF424FA22DB5BE480065C0A5 /* Debug */,
				BF424FA32DB5BE480065C0A5 /* Release */,
			);
			defaultConfigurationIsVisible = 0;
			defaultConfigurationName = Release;
		};
		BF424FA42DB5BE480065C0A5 /* Build configuration list for PBXNativeTarget "homePageTestTests" */ = {
			isa = XCConfigurationList;
			buildConfigurations = (
				BF424FA52DB5BE480065C0A5 /* Debug */,
				BF424FA62DB5BE480065C0A5 /* Release */,
			);
			defaultConfigurationIsVisible = 0;
			defaultConfigurationName = Release;
		};
		BF424FA72DB5BE480065C0A5 /* Build configuration list for PBXNativeTarget "homePageTestUITests" */ = {
			isa = XCConfigurationList;
			buildConfigurations = (
				BF424FA82DB5BE480065C0A5 /* Debug */,
				BF424FA92DB5BE480065C0A5 /* Release */,
			);
			defaultConfigurationIsVisible = 0;
			defaultConfigurationName = Release;
		};
/* End XCConfigurationList section */

/* Begin XCRemoteSwiftPackageReference section */
		BF4DCE592DBDC43C00F65E44 /* XCRemoteSwiftPackageReference "generative-ai-swift" */ = {
			isa = XCRemoteSwiftPackageReference;
			repositoryURL = "https://github.com/google/generative-ai-swift";
			requirement = {
				kind = upToNextMajorVersion;
				minimumVersion = 0.5.6;
			};
		};
/* End XCRemoteSwiftPackageReference section */
	};
	rootObject = BF424F752DB5BE470065C0A5 /* Project object */;
}
